
Microsoft Visual Studio Solution File, Format Version 12.00
# Visual Studio 2012
Project("{FAE04EC0-301F-11D3-BF4B-00C04F79EFBC}") = "HelloOwin", "HelloOwin\HelloOwin.csproj", "{BB4FA623-197A-4254-A13A-F8BD494765DC}"
EndProject
Project("{FAE04EC0-301F-11D3-BF4B-00C04F79EFBC}") = "HelloOwin.Middleware", "HelloOwin.Middleware\HelloOwin.Middleware.csproj", "{B1FE3429-FBF9-4851-AD69-B5C00F9190B4}"
EndProject
Global
	GlobalSection(SolutionConfigurationPlatforms) = preSolution
		Debug|Any CPU = Debug|Any CPU
		Release|Any CPU = Release|Any CPU
	EndGlobalSection
	GlobalSection(ProjectConfigurationPlatforms) = postSolution
		{BB4FA623-197A-4254-A13A-F8BD494765DC}.Debug|Any CPU.ActiveCfg = Debug|Any CPU
		{BB4FA623-197A-4254-A13A-F8BD494765DC}.Debug|Any CPU.Build.0 = Debug|Any CPU
		{BB4FA623-197A-4254-A13A-F8BD494765DC}.Release|Any CPU.ActiveCfg = Release|Any CPU
		{BB4FA623-197A-4254-A13A-F8BD494765DC}.Release|Any CPU.Build.0 = Release|Any CPU
		{B1FE3429-FBF9-4851-AD69-B5C00F9190B4}.Debug|Any CPU.ActiveCfg = Debug|Any CPU
		{B1FE3429-FBF9-4851-AD69-B5C00F9190B4}.Debug|Any CPU.Build.0 = Debug|Any CPU
		{B1FE3429-FBF9-4851-AD69-B5C00F9190B4}.Release|Any CPU.ActiveCfg = Release|Any CPU
		{B1FE3429-FBF9-4851-AD69-B5C00F9190B4}.Release|Any CPU.Build.0 = Release|Any CPU
	EndGlobalSection
	GlobalSection(SolutionProperties) = preSolution
		HideSolutionNode = FALSE
	EndGlobalSection
EndGlobal
